[{<<"backoff">>,{pkg,<<"backoff">>,<<"1.1.3">>},1},
 {<<"base64url">>,{pkg,<<"base64url">>,<<"0.0.1">>},1},
 {<<"bear">>,
  {git,"git://github.com/boundary/bear.git",
       {ref,"119234548783af19b8ec75c879c5062676b92571"}},
  3},
 {<<"bp_tree">>,
  {git,"https://github.com/onedata/bp_tree.git",
       {ref,"9e2f09ed3d4b2ec19b84c0d6528c0e4d18a7edfc"}},
  1},
 {<<"cberl">>,
  {git,"ssh://git@git.plgrid.pl:7999/vfs/cberl.git",
       {ref,"6329a00fa4b9be757b939d2be573e22b8c24476e"}},
  1},
 {<<"certifi">>,{pkg,<<"certifi">>,<<"0.7.0">>},2},
 {<<"clproto">>,
  {git,"ssh://git@git.plgrid.pl:7999/vfs/clproto.git",
       {ref,"51401492d2c3ccd527c045fdef569b82d7d7fd34"}},
  0},
 {<<"cluster_manager">>,
  {raw,{git,"ssh://git@git.plgrid.pl:7999/vfs/cluster-manager.git",
            {ref,"939176e5a73dc00f25f51b219acb67ed1066042e"}}},
  0},
 {<<"cluster_worker">>,
  {git,"ssh://git@git.plgrid.pl:7999/vfs/cluster-worker.git",
       {ref,"3e3091274353d8499264295c964c90e4ac2df29a"}},
  0},
 {<<"cowboy">>,
  {git,"git://github.com/ninenines/cowboy.git",
       {ref,"a7b06f2e138c0c03c2511ed9fe6803fc9ebf3401"}},
  1},
 {<<"cowlib">>,
  {git,"https://github.com/ninenines/cowlib",
       {ref,"b6381527831c5ebb74759e119a517b7d22d4b23a"}},
  2},
 {<<"ctool">>,
  {git,"ssh://git@git.plgrid.pl:7999/vfs/ctool.git",
       {ref,"891abfdb43720fd4c76e1d2aeeb72b7774f71b1d"}},
  0},
 {<<"edown">>,
  {git,"git://github.com/uwiger/edown.git",
       {ref,"b7c8eb0ac1859f8fce11cbfe3526f5ec83194776"}},
  3},
 {<<"enacl_p">>,
  {git,"https://github.com/kzemek/enacl_p.git",
       {ref,"ea22638b684a79eba831d2df54666905bd451b15"}},
  2},
 {<<"exometer_core">>,
  {git,"https://github.com/onedata/exometer_core.git",
       {ref,"4602433887790941c4285daf0ef71be38b3c6d14"}},
  1},
 {<<"exometer_graphite">>,
  {git,"https://github.com/jakud/exometer_graphite.git",
       {ref,"1ea3cd5aaaf3003f669bb24dfad06b34291efd02"}},
  1},
 {<<"exometer_lager">>,
  {git,"https://github.com/onedata/exometer_lager.git",
       {ref,"3ee87b868b618fab43e564227d97902b527c22ca"}},
  1},
 {<<"folsom">>,
  {git,"git://github.com/folsom-project/folsom",
       {ref,"38e2cce7c64ce1f0a3a918d90394cfc0a940b1ba"}},
  2},
 {<<"gen_server2">>,
  {git,"http://github.com/kzemek/gen_server2.git",
       {ref,"825c489ed8e4afd410d739af8553c4d7d6d8ad61"}},
  0},
 {<<"gen_server_mock">>,
  {git,"git://github.com/brucexin/gen_server_mock.git",
       {ref,"de3cd8e4b3c36759c94f8944fa425dada31714ff"}},
  0},
 {<<"gen_smtp">>,
  {git,"git://github.com/Vagabond/gen_smtp.git",
       {ref,"2ea8bb995adf32102f523cef93ae98e287ac77d1"}},
  1},
 {<<"goldrush">>,{pkg,<<"goldrush">>,<<"0.1.9">>},2},
 {<<"gpb">>,{pkg,<<"gpb">>,<<"4.1.3">>},1},
 {<<"gproc">>,{pkg,<<"gproc">>,<<"0.6.1">>},1},
 {<<"gui">>,
  {git,"ssh://git@git.plgrid.pl:7999/vfs/gui.git",
       {ref,"2199df4b543c9ae521ad4c0cd5eafe7a4811489c"}},
  0},
 {<<"hackney">>,
  {git,"git://github.com/benoitc/hackney.git",
       {ref,"d80d4d919acadbddea171fab31e040773c99ad49"}},
  1},
 {<<"helpers">>,
  {git,"ssh://git@git.plgrid.pl:7999/vfs/helpers.git",
       {ref,"d816839a227059e30cea73bacd2bd949e13b534a"}},
  0},
 {<<"hut">>,
  {git,"git://github.com/tolbrino/hut.git",
       {ref,"025540398478ab6f95932c3234382ac5bb21ad3e"}},
  2},
 {<<"idna">>,{pkg,<<"idna">>,<<"1.2.0">>},2},
 {<<"iso8601">>,
  {git,"https://github.com/xorver/erlang_iso8601.git",
       {ref,"72013b0a8d757ee95bb560541e29bfa4461c5232"}},
  1},
 {<<"jiffy">>,
  {git,"https://github.com/bkryza/jiffy.git",
       {ref,"a449ec1ecd7b5ea95e675b5bafdfa9a2a3fdface"}},
  1},
 {<<"lager">>,{pkg,<<"lager">>,<<"3.6.1">>},1},
 {<<"lbm_kv">>,
  {git,"git://github.com/kzemek/lbm_kv.git",
       {ref,"df3040fa1ff358919999b3776e55ee5c9f754f3e"}},
  1},
 {<<"locks">>,
  {git,"https://github.com/uwiger/locks.git",
       {ref,"c9b585adcf7cbd347e516ccc3406e03a04a46731"}},
  1},
 {<<"macaroons">>,
  {git,"https://github.com/kzemek/macaroons.git",
       {ref,"b15b13f1747210caf1152fc4444239d90b1b21cd"}},
  1},
 {<<"meck">>,
  {git,"https://github.com/eproxus/meck.git",
       {ref,"030a2f167c599921e1f1dde82facc33ebd702239"}},
  1},
 {<<"metrics">>,{pkg,<<"metrics">>,<<"1.0.1">>},2},
 {<<"mimerl">>,{pkg,<<"mimerl">>,<<"1.0.2">>},2},
 {<<"node_package">>,
  {git,"git://github.com/xorver/node_package.git",
       {ref,"debc7bb49d39d981dedd768d83a6a33a4fb59851"}},
  1},
 {<<"observer_cli">>,{pkg,<<"observer_cli">>,<<"1.0.7">>},0},
 {<<"parse_trans">>,
  {git,"git://github.com/uwiger/parse_trans.git",
       {ref,"a210adafdfbb904d156d8f22abd5fb58fc17de1e"}},
  2},
 {<<"plain_fsm">>,
  {git,"git://github.com/uwiger/plain_fsm.git",
       {ref,"1de45fba4caccbc76df0b109e7581d0fc6a2e67b"}},
  2},
 {<<"poolboy">>,
  {git,"https://github.com/devinus/poolboy.git",
       {ref,"3bb48a893ff5598f7c73731ac17545206d259fac"}},
  0},
 {<<"quickrand">>,{pkg,<<"quickrand">>,<<"1.7.3">>},2},
 {<<"ranch">>,
  {git,"https://github.com/ninenines/ranch",
       {ref,"55c2a9d623454f372a15e99721a37093d8773b48"}},
  2},
 {<<"recon">>,{pkg,<<"recon">>,<<"2.3.5">>},1},
 {<<"rrdtool">>,
  {git,"https://github.com/mwrona/erlang-rrdtool.git",
       {ref,"735477b2524bac488660a413b22baea23c8adb09"}},
  0},
 {<<"rtransfer_link">>,
  {git,"ssh://git@git.plgrid.pl:7999/vfs/rtransfer_link.git",
       {ref,"8121be7cac173470c9c3f4fab5665e11d1bee5a6"}},
  0},
 {<<"setup">>,
  {git,"git://github.com/uwiger/setup.git",
       {ref,"76124131ac11bdb0112fb47a244784e152531dad"}},
  2},
 {<<"ssl_verify_fun">>,{pkg,<<"ssl_verify_fun">>,<<"1.1.1">>},2},
 {<<"uuid">>,{pkg,<<"uuid_erl">>,<<"1.7.2">>},1},
 {<<"worker_pool">>,
  {git,"https://github.com/inaka/worker_pool",
       {ref,"ae5aa2e5819f7cce3aa3fbc50d39743de3515cdc"}},
  1}].
