{"1.2.0",
[{<<"backoff">>,{pkg,<<"backoff">>,<<"1.1.6">>},1},
 {<<"base64url">>,{pkg,<<"base64url">>,<<"0.0.1">>},1},
 {<<"bear">>,{pkg,<<"bear">>,<<"1.0.0">>},3},
 {<<"bp_tree">>,
  {git,"https://github.com/onedata/bp_tree.git",
       {ref,"bd0bcaff3be2741893ceaa270d33f38438d0aea8"}},
  1},
 {<<"cberl">>,
  {git,"ssh://git@git.onedata.org:7999/vfs/cberl.git",
       {ref,"764a1b48989f88a15caa3d4aa21c80899be7e74e"}},
  1},
 {<<"certifi">>,{pkg,<<"certifi">>,<<"2.6.1">>},2},
 {<<"clproto">>,
  {git,"ssh://git@git.onedata.org:7999/vfs/clproto.git",
       {ref,"8df191f12223acfb2510050070acffcbfb99fee7"}},
  0},
 {<<"cluster_manager">>,
  {raw,"ssh://git@git.onedata.org:7999/vfs/cluster-manager.git",
       {mod_ref,git,{ref,"ed46f9257970833ac56615f246547da7e9e99d0f"},[]}},
  0},
 {<<"cluster_worker">>,
  {git,"ssh://git@git.onedata.org:7999/vfs/cluster-worker.git",
       {ref,"c617b7e3566a6cc55bf541ded8231e53a261faca"}},
  0},
 {<<"compatibility_reference">>,
  {raw,"ssh://git@git.onedata.org:7999/vfs/compatibility-reference.git",
       {mod_ref,git,{ref,"79bf702a74032283bca4c82a64f3bd5fb59231d6"},[]}},
  0},
 {<<"cowboy">>,
  {git,"git://github.com/ninenines/cowboy.git",
       {ref,"04ca4c5d31a92d4d3de087bbd7d6021dc4a6d409"}},
  1},
 {<<"cowlib">>,
  {git,"https://github.com/ninenines/cowlib",
       {ref,"e9448e5628c8c1d9083223ff973af8de31a566d1"}},
  2},
 {<<"ctool">>,
  {git,"ssh://git@git.onedata.org:7999/vfs/ctool.git",
       {ref,"805469bdd81ae84eda992a9ff7e72b030bb91a5a"}},
  0},
 {<<"enacl">>,
  {git,"https://github.com/jlouis/enacl",
       {ref,"9919871e5313df24497914bb50791f0690a3be97"}},
  2},
 {<<"enif_protobuf">>,
  {git,"https://github.com/jg513/enif_protobuf",
       {ref,"71fcf74294f40ed1f06e57c4de14fa0c1cf3331b"}},
  0},
 {<<"exometer_core">>,
  {git,"https://github.com/mistanisz/exometer_core",
       {ref,"0571a9a1b9e5b2af6c2d5b1cbe51558b4771c696"}},
  1},
 {<<"exometer_graphite">>,
  {git,"https://github.com/mistanisz/exometer_graphite.git",
       {ref,"b08ce86a433746769eb85d23bbdc66f109c1b4f4"}},
  1},
 {<<"exometer_lager">>,
  {git,"https://github.com/onedata/exometer_lager.git",
       {ref,"3ee87b868b618fab43e564227d97902b527c22ca"}},
  1},
 {<<"folsom">>,{pkg,<<"folsom">>,<<"1.0.0">>},2},
 {<<"gen_server2">>,
  {git,"http://github.com/mistanisz/gen_server2.git",
       {ref,"8edb4a3383444634bbff6f2468a341607cd97a4b"}},
  1},
 {<<"gen_server_mock">>,
  {git,"git://github.com/brucexin/gen_server_mock.git",
       {ref,"de3cd8e4b3c36759c94f8944fa425dada31714ff"}},
  0},
 {<<"gen_smtp">>,
  {git,"git://github.com/Vagabond/gen_smtp.git",
       {ref,"410557a4b52cbabc99062e2196fa0ec16c3c03a7"}},
  1},
 {<<"goldrush">>,{pkg,<<"goldrush">>,<<"0.1.9">>},2},
 {<<"gpb">>,{pkg,<<"gpb">>,<<"4.18.0">>},1},
 {<<"gproc">>,{pkg,<<"gproc">>,<<"0.9.0">>},1},
 {<<"gui">>,
  {git,"ssh://git@git.onedata.org:7999/vfs/gui.git",
       {ref,"fdbeaff21f5c113e4a0877b30034d3548d5f8570"}},
  1},
 {<<"hackney">>,
  {git,"https://github.com/benoitc/hackney",
       {ref,"6e79b2bb11a77389d3ba9ff3a0828a45796fe7a8"}},
  1},
 {<<"helpers">>,
  {git,"ssh://git@git.onedata.org:7999/vfs/helpers.git",
       {ref,"4a7685edb9a0b7f1c5c365f5da9aa1025876d123"}},
  0},
 {<<"hut">>,{pkg,<<"hut">>,<<"1.3.0">>},2},
 {<<"idna">>,{pkg,<<"idna">>,<<"6.1.1">>},2},
 {<<"iso8601">>,
  {git,"https://github.com/xorver/erlang_iso8601.git",
       {ref,"72013b0a8d757ee95bb560541e29bfa4461c5232"}},
  1},
 {<<"jiffy">>,
  {git,"https://github.com/davisp/jiffy.git",
       {ref,"effc3c9a68478b692523e61b308ad9257c1ddeca"}},
  1},
 {<<"lager">>,{pkg,<<"lager">>,<<"3.9.2">>},1},
 {<<"lbm_kv">>,
  {git,"git://github.com/kzemek/lbm_kv.git",
       {ref,"df3040fa1ff358919999b3776e55ee5c9f754f3e"}},
  1},
 {<<"locks">>,
  {git,"https://github.com/mistanisz/locks.git",
       {ref,"bcd43c0a783e7fecabeec79f65126299a0bbc0a1"}},
  1},
 {<<"locus">>,
  {git,"https://github.com/g-andrade/locus.git",
       {ref,"38871b7560d82256418dccbcfa03bfc8b7a0e746"}},
  1},
 {<<"macaroons">>,
  {git,"ssh://git@git.onedata.org:7999/vfs/macaroons.git",
       {ref,"acdf657592ea35595ac304a44691bef3ab0c5611"}},
  1},
 {<<"meck">>,
  {git,"https://github.com/eproxus/meck.git",
       {ref,"5aaa24886db404f995c9a91b421367f6bfe6e566"}},
  1},
 {<<"metrics">>,{pkg,<<"metrics">>,<<"1.0.1">>},2},
 {<<"mimerl">>,{pkg,<<"mimerl">>,<<"1.2.0">>},2},
 {<<"node_package">>,
  {git,"git://github.com/xorver/node_package.git",
       {ref,"debc7bb49d39d981dedd768d83a6a33a4fb59851"}},
  1},
 {<<"observer_cli">>,{pkg,<<"observer_cli">>,<<"1.6.2">>},1},
 {<<"onenv_ct">>,
  {git,"ssh://git@git.onedata.org:7999/vfs/onenv-ct.git",
       {ref,"a156391585f6b73b902b95e06196a328507bf629"}},
  0},
 {<<"parse_trans">>,{pkg,<<"parse_trans">>,<<"3.3.1">>},2},
 {<<"plain_fsm">>,{pkg,<<"plain_fsm">>,<<"1.4.2">>},2},
 {<<"poolboy">>,
  {git,"https://github.com/devinus/poolboy.git",
       {ref,"9212a8770edb149ee7ca0bca353855e215f7cba5"}},
  0},
 {<<"quickrand">>,{pkg,<<"quickrand">>,<<"1.7.5">>},2},
 {<<"ranch">>,
  {git,"git://github.com/ninenines/ranch.git",
       {ref,"af1508c4a729098bc1545358e09878d4946c789d"}},
  1},
 {<<"recon">>,{pkg,<<"recon">>,<<"2.5.1">>},1},
 {<<"rrdtool">>,
  {git,"https://github.com/mwrona/erlang-rrdtool.git",
       {ref,"735477b2524bac488660a413b22baea23c8adb09"}},
  0},
 {<<"rtransfer_link">>,
  {git,"ssh://git@git.onedata.org:7999/vfs/rtransfer_link.git",
       {ref,"ed28e0387e838c6fa1ec663b0babb300b978e89b"}},
  0},
 {<<"setup">>,{pkg,<<"setup">>,<<"2.1.0">>},2},
 {<<"ssl_verify_fun">>,{pkg,<<"ssl_verify_fun">>,<<"1.1.6">>},2},
 {<<"tls_certificate_check">>,{pkg,<<"tls_certificate_check">>,<<"1.5.0">>},2},
 {<<"unicode_util_compat">>,{pkg,<<"unicode_util_compat">>,<<"0.7.0">>},2},
 {<<"uuid">>,{pkg,<<"uuid_erl">>,<<"1.7.2">>},1},
 {<<"worker_pool">>,
  {git,"https://github.com/inaka/worker_pool",
       {ref,"d28cd20384c34b4bbb691875a7a939278559f4f7"}},
  1},
 {<<"yamerl">>,{pkg,<<"yamerl">>,<<"0.7.0">>},1}]}.
[
{pkg_hash,[
 {<<"backoff">>, <<"83B72ED2108BA1EE8F7D1C22E0B4A00CFE3593A67DBC792799E8CCE9F42F796B">>},
 {<<"base64url">>, <<"36A90125F5948E3AFD7BE97662A1504B934DD5DAC78451CA6E9ABF85A10286BE">>},
 {<<"bear">>, <<"430419C1126B477686CDE843E88BA0F2C7DC5CDF0881C677500074F704339A99">>},
 {<<"certifi">>, <<"DBAB8E5E155A0763EEA978C913CA280A6B544BFA115633FA20249C3D396D9493">>},
 {<<"folsom">>, <<"50ECC998D2149939F1D5E0AA3E32788F8ED16A58E390D81B5C0BE4CC4EF25589">>},
 {<<"goldrush">>, <<"F06E5D5F1277DA5C413E84D5A2924174182FB108DABB39D5EC548B27424CD106">>},
 {<<"gpb">>, <<"305548AD991583F4B9809E905D6A17475AB8DF85116CB3C1269FDA1E4424C7EA">>},
 {<<"gproc">>, <<"853CCB7805E9ADA25D227A157BA966F7B34508F386A3E7E21992B1B484230699">>},
 {<<"hut">>, <<"71F2F054E657C03F959CF1ACC43F436EA87580696528CA2A55C8AFB1B06C85E7">>},
 {<<"idna">>, <<"8A63070E9F7D0C62EB9D9FCB360A7DE382448200FBBD1B106CC96D3D8099DF8D">>},
 {<<"lager">>, <<"4CAB289120EB24964E3886BD22323CB5FEFE4510C076992A23AD18CF85413D8C">>},
 {<<"metrics">>, <<"25F094DEA2CDA98213CECC3AEFF09E940299D950904393B2A29D191C346A8486">>},
 {<<"mimerl">>, <<"67E2D3F571088D5CFD3E550C383094B47159F3EEE8FFA08E64106CDF5E981BE3">>},
 {<<"observer_cli">>, <<"016588E9A966247401BCBF02976D468F1E6F06891DDE44F873C9259C6496CCA1">>},
 {<<"parse_trans">>, <<"16328AB840CC09919BD10DAB29E431DA3AF9E9E7E7E6F0089DD5A2D2820011D8">>},
 {<<"plain_fsm">>, <<"D0CD143904DFCA2250F065BC3220700B40F90D633290C9B2B709090E4114CCA5">>},
 {<<"quickrand">>, <<"E3086A153EB13A057FC19192D05E2D4C6BB2BDBB55746A699BEAE9847AC17CA8">>},
 {<<"recon">>, <<"430FFA60685AC1EFDFB1FE4C97B8767C92D0D92E6E7C3E8621559BA77598678A">>},
 {<<"setup">>, <<"05F69185A5EB71474C9BC6BA892565651EC7507791F85632B7B914DBFE130510">>},
 {<<"ssl_verify_fun">>, <<"CF344F5692C82D2CD7554F5EC8FD961548D4FD09E7D22F5B62482E5AEAEBD4B0">>},
 {<<"tls_certificate_check">>, <<"54DC51DEFFA4EF157803E07035AB78516708F670FC910319C5893287E3AED725">>},
 {<<"unicode_util_compat">>, <<"BC84380C9AB48177092F43AC89E4DFA2C6D62B40B8BD132B1059ECC7232F9A78">>},
 {<<"uuid">>, <<"D596C8DD01A4AE48B9D8D51832CCC8F8302BF67ACD01336AEC3FCFAE6B9D2BC2">>},
 {<<"yamerl">>, <<"E51DBA652DCE74C20A88294130B48051EBBBB0BE7D76F22DE064F0F3CCF0AAF5">>}]},
{pkg_hash_ext,[
 {<<"backoff">>, <<"CF0CFFF8995FB20562F822E5CC47D8CCF664C5ECDC26A684CBE85C225F9D7C39">>},
 {<<"base64url">>, <<"FAB09B20E3F5DB886725544CBCF875B8E73EC93363954EB8A1A9ED834AA8C1F9">>},
 {<<"bear">>, <<"157B67901ADF84FF0DA6EAE035CA1292A0AC18AA55148154D8C582B2C68959DB">>},
 {<<"certifi">>, <<"524C97B4991B3849DD5C17A631223896272C6B0AF446778BA4675A1DFF53BB7E">>},
 {<<"folsom">>, <<"DD6AB97278E94F9E4CFC43E188224A7B8C7EAEC0DD2E935007005177F3EEBB0E">>},
 {<<"goldrush">>, <<"99CB4128CFFCB3227581E5D4D803D5413FA643F4EB96523F77D9E6937D994CEB">>},
 {<<"gpb">>, <<"C2BB843866E627E1E0181C2F5E4B3EE79CBB8CD3574F66767E7F1D5130D6B025">>},
 {<<"gproc">>, <<"587E8AF698CCD3504CF4BA8D90F893EDE2B0F58CABB8A916E2BF9321DE3CF10B">>},
 {<<"hut">>, <<"7E15D28555D8A1F2B5A3A931EC120AF0753E4853A4C66053DB354F35BF9AB563">>},
 {<<"idna">>, <<"92376EB7894412ED19AC475E4A86F7B413C1B9FBB5BD16DCCD57934157944CEA">>},
 {<<"lager">>, <<"7F904D9E87A8CB7E66156ED31768D1C8E26EBA1D54F4BC85B1AA4AC1F6340C28">>},
 {<<"metrics">>, <<"69B09ADDDC4F74A40716AE54D140F93BEB0FB8978D8636EADED0C31B6F099F16">>},
 {<<"mimerl">>, <<"F278585650AA581986264638EBF698F8BB19DF297F66AD91B18910DFC6E19323">>},
 {<<"observer_cli">>, <<"C23DB9E4CCA0E849ADC42B0A099AFFB9E6267C5F23A871FC6F144348B249341F">>},
 {<<"parse_trans">>, <<"07CD9577885F56362D414E8C4C4E6BDF10D43A8767ABB92D24CBE8B24C54888B">>},
 {<<"plain_fsm">>, <<"24D2020F3305D6B1A14815D9B70DBBBC850DD558CCCCA49EE675FA7713501A01">>},
 {<<"quickrand">>, <<"6A1DA81FE098C0DFCFB55C5E35C20BE430128E88BBFA03D18FCF9E0EE8E342D7">>},
 {<<"recon">>, <<"5721C6B6D50122D8F68CCCAC712CAA1231F97894BAB779EFF5FF0F886CB44648">>},
 {<<"setup">>, <<"EFD072578F0CF85BEA96CAAFFC7ADB0992398272522660A136E10567377071C5">>},
 {<<"ssl_verify_fun">>, <<"BDB0D2471F453C88FF3908E7686F86F9BE327D065CC1EC16FA4540197EA04680">>},
 {<<"tls_certificate_check">>, <<"E1E3F9A969317126633D7A8F1D9A3223B35504414125C78FA048700385A59B25">>},
 {<<"unicode_util_compat">>, <<"25EEE6D67DF61960CF6A794239566599B09E17E668D3700247BC498638152521">>},
 {<<"uuid">>, <<"06A8E7A305C59CFA15DD8320CA521E46B81DA4760FE239C8CC14B0474866D9E4">>},
 {<<"yamerl">>, <<"CB5A4481E2E2AD36DB83BD9962153E1A9208E2B2484185E33FC2CAAC6A50B108">>}]}
].
