[{<<"annotations">>,
  {git,"https://github.com/RoXeon/annotations.git",
       {ref,"ad3d49a4cd6f31ba2b65da76bd5a4425aee9845d"}},
  1},
 {<<"base64url">>,
  {git,"https://github.com/dvv/base64url.git",
       {ref,"f2c64ed8b9bebc536fad37ad97243452b674b837"}},
  2},
 {<<"certifi">>,{pkg,<<"certifi">>,<<"0.4.0">>},3},
 {<<"clproto">>,
  {git,"ssh://git@git.plgrid.pl:7999/vfs/clproto.git",
       {ref,"3a447cd0e372d664a7795eaf5081ea97ad0e07a1"}},
  0},
 {<<"cluster_manager">>,
  {raw,{git,"ssh://git@git.plgrid.pl:7999/vfs/cluster-manager.git",
            {ref,"a503504b807254d16442120d3ccc952bba4f84ac"}}},
  0},
 {<<"cluster_worker">>,
  {git,"ssh://git@git.plgrid.pl:7999/vfs/cluster-worker.git",
       {ref,"26045141e3a58d81e382ec6f3c25b915d3adaf98"}},
  0},
 {<<"corman">>,
  {git,"git://github.com/RoXeon/corman.git",
       {ref,"ccc339220ebd452ca07bdba473351be9f305964e"}},
  2},
 {<<"couchbeam">>,
  {git,"https://github.com/RoXeon/couchbeam.git",
       {ref,"502a77ae1876528bc47bc5f9d27f23218fa8eea3"}},
  1},
 {<<"cowboy">>,
  {git,"git://github.com/RoXeon/cowboy.git",
       {ref,"cd83171c4a11fc053f1b0e4f6c8443b1fb3a2afd"}},
  1},
 {<<"cowlib">>,
  {git,"git://github.com/ninenines/cowlib.git",
       {ref,"d544a494af4dbc810fc9c15eaf5cc050cced1501"}},
  2},
 {<<"ctool">>,
  {git,"ssh://git@git.plgrid.pl:7999/vfs/ctool.git",
       {ref,"e894bdd27fd01de61dece383c3bc8e5bcc6405fa"}},
  0},
 {<<"dht_ring">>,
  {git,"git://github.com/RoXeon/dht_ring.git",
       {ref,"4f9bd2317009bb32c5500c5083d10c7ae009d7ef"}},
  2},
 {<<"edown">>,
  {git,"git://github.com/uwiger/edown.git",
       {ref,"b7c8eb0ac1859f8fce11cbfe3526f5ec83194776"}},
  1},
 {<<"enacl_p">>,
  {git,"https://github.com/kzemek/enacl_p.git",
       {ref,"ea22638b684a79eba831d2df54666905bd451b15"}},
  2},
 {<<"etls">>,{pkg,<<"etls">>,<<"1.1.2">>},1},
 {<<"gen_server2">>,
  {git,"http://github.com/kzemek/gen_server2.git",
       {ref,"825c489ed8e4afd410d739af8553c4d7d6d8ad61"}},
  0},
 {<<"gen_server_mock">>,
  {git,"git://github.com/brucexin/gen_server_mock.git",
       {ref,"de3cd8e4b3c36759c94f8944fa425dada31714ff"}},
  0},
 {<<"gen_smtp">>,
  {git,"git://github.com/Vagabond/gen_smtp.git",
       {ref,"2ea8bb995adf32102f523cef93ae98e287ac77d1"}},
  1},
 {<<"goldrush">>,
  {git,"git://github.com/DeadZen/goldrush.git",
       {ref,"71e63212f12c25827e0c1b4198d37d5d018a7fec"}},
  2},
 {<<"gpb">>,{pkg,<<"gpb">>,<<"3.25.2">>},1},
 {<<"gui">>,
  {git,"ssh://git@git.plgrid.pl:7999/vfs/gui.git",
       {ref,"938c79115703af02ad51d81cff1562fe1f7342b0"}},
  0},
 {<<"hackney">>,{pkg,<<"hackney">>,<<"1.6.1">>},2},
 {<<"idna">>,{pkg,<<"idna">>,<<"1.2.0">>},3},
 {<<"iso8601">>,
  {git,"https://github.com/xorver/erlang_iso8601.git",
       {ref,"72013b0a8d757ee95bb560541e29bfa4461c5232"}},
  0},
 {<<"jiffy">>,
  {git,"https://github.com/davisp/jiffy.git",
       {ref,"cfc61a2e952dc3182e0f9b1473467563699992e2"}},
  0},
 {<<"jsx">>,{pkg,<<"jsx">>,<<"2.8.0">>},2},
 {<<"lager">>,
  {git,"git://github.com/basho/lager.git",
       {ref,"d33ccf3b69de09a628fe38b4d7981bb8671b8a4f"}},
  1},
 {<<"locks">>,
  {git,"https://github.com/uwiger/locks.git",
       {ref,"c9b585adcf7cbd347e516ccc3406e03a04a46731"}},
  1},
 {<<"macaroons">>,
  {git,"https://github.com/kzemek/macaroons.git",
       {ref,"9d2fef9f37e6b96a68aaaa81c0e5272d61a8b3b0"}},
  1},
 {<<"mcd">>,
  {git,"https://github.com/RoXeon/mcd.git",
       {ref,"09000cf47a0c541e81974722d33f0cc89a69a14b"}},
  1},
 {<<"meck">>,
  {git,"https://github.com/eproxus/meck.git",
       {ref,"70d6a33ce7407029dc59e22a5b3c1c61c1348b23"}},
  0},
 {<<"metrics">>,{pkg,<<"metrics">>,<<"1.0.1">>},3},
 {<<"mimerl">>,{pkg,<<"mimerl">>,<<"1.0.2">>},3},
 {<<"mochiweb">>,
  {git,"https://github.com/mochi/mochiweb.git",
       {ref,"925a7837ebe500bbfc2698a72340d2b2e58cd5df"}},
  1},
 {<<"node_package">>,
  {git,"git://github.com/xorver/node_package.git",
       {ref,"debc7bb49d39d981dedd768d83a6a33a4fb59851"}},
  1},
 {<<"observer_cli">>,{pkg,<<"observer_cli">>,<<"1.0.7">>},0},
 {<<"parse_trans">>,
  {git,"https://github.com/uwiger/parse_trans.git",
       {ref,"a210adafdfbb904d156d8f22abd5fb58fc17de1e"}},
  0},
 {<<"plain_fsm">>,
  {git,"git://github.com/uwiger/plain_fsm.git",
       {ref,"ae9eca8a8df8f61a32185b06882a55d60e62e904"}},
  2},
 {<<"poolboy">>,
  {git,"https://github.com/devinus/poolboy.git",
       {ref,"3bb48a893ff5598f7c73731ac17545206d259fac"}},
  0},
 {<<"ranch">>,
  {git,"git://github.com/ninenines/ranch.git",
       {ref,"adf1822defc2b7cfdc7aca112adabfa1d614043c"}},
  2},
 {<<"recon">>,{pkg,<<"recon">>,<<"2.3.2">>},1},
 {<<"rrdtool">>,
  {git,"https://github.com/mwrona/erlang-rrdtool.git",
       {ref,"735477b2524bac488660a413b22baea23c8adb09"}},
  0},
 {<<"ssl_verify_fun">>,{pkg,<<"ssl_verify_fun">>,<<"1.1.0">>},3},
 {<<"web_client">>,
  {git,"ssh://git@git.plgrid.pl:7999/vfs/web-client.git",
       {ref,"86736eb5ff7c8eb38acab96b9cc9956557ba6204"}},
  1}].
