[{<<"base64url">>,
  {git,"https://github.com/dvv/base64url.git",
       {ref,"f2c64ed8b9bebc536fad37ad97243452b674b837"}},
  2},
 {<<"certifi">>,{pkg,<<"certifi">>,<<"0.7.0">>},2},
 {<<"cowboy">>,
  {git,"git://github.com/ninenines/cowboy.git",
       {ref,"6945882cd36223533be4e020279b31151bc8b217"}},
  0},
 {<<"cowlib">>,
  {git,"https://github.com/ninenines/cowlib",
       {ref,"3ef5b48a028bb66f82b452c98ae515903096641c"}},
  1},
 {<<"ctool">>,
  {git,"ssh://git@git.plgrid.pl:7999/vfs/ctool.git",
       {ref,"4521027564e3e6ceff7b3caacd3df70ddb65edcb"}},
  0},
 {<<"enacl_p">>,
  {git,"https://github.com/kzemek/enacl_p.git",
       {ref,"ea22638b684a79eba831d2df54666905bd451b15"}},
  2},
 {<<"gen_smtp">>,
  {git,"git://github.com/Vagabond/gen_smtp.git",
       {ref,"2ea8bb995adf32102f523cef93ae98e287ac77d1"}},
  1},
 {<<"goldrush">>,
  {git,"https://github.com/basho/goldrush.git",
       {ref,"8f1b715d36b650ec1e1f5612c00e28af6ab0de82"}},
  2},
 {<<"hackney">>,
  {git,"git://github.com/benoitc/hackney.git",
       {ref,"d80d4d919acadbddea171fab31e040773c99ad49"}},
  1},
 {<<"idna">>,{pkg,<<"idna">>,<<"1.2.0">>},2},
 {<<"jiffy">>,
  {git,"https://github.com/davisp/jiffy.git",
       {ref,"cfc61a2e952dc3182e0f9b1473467563699992e2"}},
  1},
 {<<"lager">>,
  {git,"git://github.com/erlang-lager/lager.git",
       {ref,"81eaef0ce98fdbf64ab95665e3bc2ec4b24c7dac"}},
  1},
 {<<"macaroons">>,
  {git,"https://github.com/kzemek/macaroons.git",
       {ref,"b15b13f1747210caf1152fc4444239d90b1b21cd"}},
  1},
 {<<"meck">>,
  {git,"https://github.com/eproxus/meck.git",
       {ref,"36b208e2d4d7d09ef7ef7f7aa7979da79fa97ef3"}},
  1},
 {<<"metrics">>,{pkg,<<"metrics">>,<<"1.0.1">>},2},
 {<<"mimerl">>,{pkg,<<"mimerl">>,<<"1.0.2">>},2},
 {<<"mochiweb">>,
  {git,"https://github.com/mochi/mochiweb.git",
       {ref,"925a7837ebe500bbfc2698a72340d2b2e58cd5df"}},
  1},
 {<<"ranch">>,
  {git,"https://github.com/ninenines/ranch",
       {ref,"55c2a9d623454f372a15e99721a37093d8773b48"}},
  1},
 {<<"ssl_verify_fun">>,{pkg,<<"ssl_verify_fun">>,<<"1.1.1">>},2},
 {<<"web_client">>,
  {git,"ssh://git@git.plgrid.pl:7999/vfs/web-client.git",
       {ref,"95f8bdbad170b6539ecbfb8d1861df138a7ba836"}},
  0}].
